
Microsoft Visual Studio Solution File, Format Version 12.00
# Visual Studio 15
VisualStudioVersion = 15.0.26430.14
MinimumVisualStudioVersion = 10.0.40219.1
Project("{FAE04EC0-301F-11D3-BF4B-00C04F79EFBC}") = "NHibernate-Demo", "NHibernate-Demo\NHibernate-Demo.csproj", "{064F16B1-1270-4AD0-92BA-1E2D6DA0B2E6}"
EndProject
Project("{FAE04EC0-301F-11D3-BF4B-00C04F79EFBC}") = "DAL", "DAL\DAL.csproj", "{EBF63D73-C0F9-40E4-84B4-8FBC219388C4}"
EndProject
Global
	GlobalSection(SolutionConfigurationPlatforms) = preSolution
		Debug|Any CPU = Debug|Any CPU
		Release|Any CPU = Release|Any CPU
	EndGlobalSection
	GlobalSection(ProjectConfigurationPlatforms) = postSolution
		{064F16B1-1270-4AD0-92BA-1E2D6DA0B2E6}.Debug|Any CPU.ActiveCfg = Debug|Any CPU
		{064F16B1-1270-4AD0-92BA-1E2D6DA0B2E6}.Debug|Any CPU.Build.0 = Debug|Any CPU
		{064F16B1-1270-4AD0-92BA-1E2D6DA0B2E6}.Release|Any CPU.ActiveCfg = Release|Any CPU
		{064F16B1-1270-4AD0-92BA-1E2D6DA0B2E6}.Release|Any CPU.Build.0 = Release|Any CPU
		{EBF63D73-C0F9-40E4-84B4-8FBC219388C4}.Debug|Any CPU.ActiveCfg = Debug|Any CPU
		{EBF63D73-C0F9-40E4-84B4-8FBC219388C4}.Debug|Any CPU.Build.0 = Debug|Any CPU
		{EBF63D73-C0F9-40E4-84B4-8FBC219388C4}.Release|Any CPU.ActiveCfg = Release|Any CPU
		{EBF63D73-C0F9-40E4-84B4-8FBC219388C4}.Release|Any CPU.Build.0 = Release|Any CPU
	EndGlobalSection
	GlobalSection(SolutionProperties) = preSolution
		HideSolutionNode = FALSE
	EndGlobalSection
EndGlobal
